
Microsoft Visual Studio Solution File, Format Version 12.00
# Visual Studio Version 17
VisualStudioVersion = 17.14.36705.20 d17.14
MinimumVisualStudioVersion = 10.0.40219.1
Project("{FAE04EC0-301F-11D3-BF4B-00C04F79EFBC}") = "POS- CAFETERIA DULCE AROMA", "POS- CAFETERIA DULCE AROMA\POS- CAFETERIA DULCE AROMA.csproj", "{9EE118D3-4C71-4F4D-835A-55D7630EE577}"
EndProject
Global
	GlobalSection(SolutionConfigurationPlatforms) = preSolution
		Debug|Any CPU = Debug|Any CPU
		Release|Any CPU = Release|Any CPU
	EndGlobalSection
	GlobalSection(ProjectConfigurationPlatforms) = postSolution
		{9EE118D3-4C71-4F4D-835A-55D7630EE577}.Debug|Any CPU.ActiveCfg = Debug|Any CPU
		{9EE118D3-4C71-4F4D-835A-55D7630EE577}.Debug|Any CPU.Build.0 = Debug|Any CPU
		{9EE118D3-4C71-4F4D-835A-55D7630EE577}.Release|Any CPU.ActiveCfg = Release|Any CPU
		{9EE118D3-4C71-4F4D-835A-55D7630EE577}.Release|Any CPU.Build.0 = Release|Any CPU
	EndGlobalSection
	GlobalSection(SolutionProperties) = preSolution
		HideSolutionNode = FALSE
	EndGlobalSection
	GlobalSection(ExtensibilityGlobals) = postSolution
		SolutionGuid = {C64F0441-D511-4D79-8741-428E9B2D987B}
	EndGlobalSection
EndGlobal
